
Microsoft Visual Studio Solution File, Format Version 12.00
# Visual Studio Version 16
VisualStudioVersion = 16.0.30717.126
MinimumVisualStudioVersion = 10.0.40219.1
Project("{8BC9CEB8-8B4A-11D0-8D11-00A0C91BC942}") = "FelineEngine", "FelineEngine.vcxproj", "{75343262-6C4B-47DD-98FC-D9E72A76F9FC}"
EndProject
Project("{8BC9CEB8-8B4A-11D0-8D11-00A0C91BC942}") = "Feline.RefineAIS", "..\Feline.RefineAIS\Feline.RefineAIS.vcxproj", "{56EEEE92-066C-4B31-909F-D9B1E983062F}"
EndProject
Project("{8BC9CEB8-8B4A-11D0-8D11-00A0C91BC942}") = "Feline.ClusterAIS", "..\Feline.ClusterAIS\Feline.ClusterAIS.vcxproj", "{54DB510C-B287-49EF-919D-C9C6BDBEE160}"
EndProject
Project("{8BC9CEB8-8B4A-11D0-8D11-00A0C91BC942}") = "Sandbox", "..\Sandbox\Sandbox.vcxproj", "{6F02EBA0-E4D4-4FAB-B2A2-1D0BD328A508}"
EndProject
Project("{8BC9CEB8-8B4A-11D0-8D11-00A0C91BC942}") = "Feline.BuildTrafficMap", "..\Feline.BuildTrafficMap\Feline.BuildTrafficMap.vcxproj", "{B0857C5B-0482-44A8-9507-2AB1AD982BCC}"
EndProject
Global
	GlobalSection(SolutionConfigurationPlatforms) = preSolution
		Debug|ARM = Debug|ARM
		Debug|ARM64 = Debug|ARM64
		Debug|x64 = Debug|x64
		Debug|x86 = Debug|x86
		DebugWSL|ARM = DebugWSL|ARM
		DebugWSL|ARM64 = DebugWSL|ARM64
		DebugWSL|x64 = DebugWSL|x64
		DebugWSL|x86 = DebugWSL|x86
		Release|ARM = Release|ARM
		Release|ARM64 = Release|ARM64
		Release|x64 = Release|x64
		Release|x86 = Release|x86
		ReleaseWSL|ARM = ReleaseWSL|ARM
		ReleaseWSL|ARM64 = ReleaseWSL|ARM64
		ReleaseWSL|x64 = ReleaseWSL|x64
		ReleaseWSL|x86 = ReleaseWSL|x86
	EndGlobalSection
	GlobalSection(ProjectConfigurationPlatforms) = postSolution
		{75343262-6C4B-47DD-98FC-D9E72A76F9FC}.Debug|ARM.ActiveCfg = Debug|x64
		{75343262-6C4B-47DD-98FC-D9E72A76F9FC}.Debug|ARM64.ActiveCfg = Debug|x64
		{75343262-6C4B-47DD-98FC-D9E72A76F9FC}.Debug|x64.ActiveCfg = Debug|x64
		{75343262-6C4B-47DD-98FC-D9E72A76F9FC}.Debug|x64.Build.0 = Debug|x64
		{75343262-6C4B-47DD-98FC-D9E72A76F9FC}.Debug|x64.Deploy.0 = Debug|x64
		{75343262-6C4B-47DD-98FC-D9E72A76F9FC}.Debug|x86.ActiveCfg = Debug|x64
		{75343262-6C4B-47DD-98FC-D9E72A76F9FC}.DebugWSL|ARM.ActiveCfg = DebugWSL|x64
		{75343262-6C4B-47DD-98FC-D9E72A76F9FC}.DebugWSL|ARM64.ActiveCfg = DebugWSL|x64
		{75343262-6C4B-47DD-98FC-D9E72A76F9FC}.DebugWSL|x64.ActiveCfg = DebugWSL|x64
		{75343262-6C4B-47DD-98FC-D9E72A76F9FC}.DebugWSL|x64.Build.0 = DebugWSL|x64
		{75343262-6C4B-47DD-98FC-D9E72A76F9FC}.DebugWSL|x64.Deploy.0 = DebugWSL|x64
		{75343262-6C4B-47DD-98FC-D9E72A76F9FC}.DebugWSL|x86.ActiveCfg = DebugWSL|x64
		{75343262-6C4B-47DD-98FC-D9E72A76F9FC}.Release|ARM.ActiveCfg = Release|x64
		{75343262-6C4B-47DD-98FC-D9E72A76F9FC}.Release|ARM64.ActiveCfg = Release|x64
		{75343262-6C4B-47DD-98FC-D9E72A76F9FC}.Release|x64.ActiveCfg = Release|x64
		{75343262-6C4B-47DD-98FC-D9E72A76F9FC}.Release|x64.Build.0 = Release|x64
		{75343262-6C4B-47DD-98FC-D9E72A76F9FC}.Release|x64.Deploy.0 = Release|x64
		{75343262-6C4B-47DD-98FC-D9E72A76F9FC}.Release|x86.ActiveCfg = Release|x64
		{75343262-6C4B-47DD-98FC-D9E72A76F9FC}.ReleaseWSL|ARM.ActiveCfg = ReleaseWSL|x64
		{75343262-6C4B-47DD-98FC-D9E72A76F9FC}.ReleaseWSL|ARM64.ActiveCfg = ReleaseWSL|x64
		{75343262-6C4B-47DD-98FC-D9E72A76F9FC}.ReleaseWSL|x64.ActiveCfg = ReleaseWSL|x64
		{75343262-6C4B-47DD-98FC-D9E72A76F9FC}.ReleaseWSL|x64.Build.0 = ReleaseWSL|x64
		{75343262-6C4B-47DD-98FC-D9E72A76F9FC}.ReleaseWSL|x64.Deploy.0 = ReleaseWSL|x64
		{75343262-6C4B-47DD-98FC-D9E72A76F9FC}.ReleaseWSL|x86.ActiveCfg = ReleaseWSL|x64
		{56EEEE92-066C-4B31-909F-D9B1E983062F}.Debug|ARM.ActiveCfg = Debug|x64
		{56EEEE92-066C-4B31-909F-D9B1E983062F}.Debug|ARM64.ActiveCfg = Debug|x64
		{56EEEE92-066C-4B31-909F-D9B1E983062F}.Debug|x64.ActiveCfg = Debug|x64
		{56EEEE92-066C-4B31-909F-D9B1E983062F}.Debug|x64.Build.0 = Debug|x64
		{56EEEE92-066C-4B31-909F-D9B1E983062F}.Debug|x64.Deploy.0 = Debug|x64
		{56EEEE92-066C-4B31-909F-D9B1E983062F}.Debug|x86.ActiveCfg = Debug|x64
		{56EEEE92-066C-4B31-909F-D9B1E983062F}.DebugWSL|ARM.ActiveCfg = DebugWSL|x64
		{56EEEE92-066C-4B31-909F-D9B1E983062F}.DebugWSL|ARM64.ActiveCfg = DebugWSL|x64
		{56EEEE92-066C-4B31-909F-D9B1E983062F}.DebugWSL|x64.ActiveCfg = DebugWSL|x64
		{56EEEE92-066C-4B31-909F-D9B1E983062F}.DebugWSL|x64.Build.0 = DebugWSL|x64
		{56EEEE92-066C-4B31-909F-D9B1E983062F}.DebugWSL|x64.Deploy.0 = DebugWSL|x64
		{56EEEE92-066C-4B31-909F-D9B1E983062F}.DebugWSL|x86.ActiveCfg = DebugWSL|x64
		{56EEEE92-066C-4B31-909F-D9B1E983062F}.Release|ARM.ActiveCfg = Release|x64
		{56EEEE92-066C-4B31-909F-D9B1E983062F}.Release|ARM64.ActiveCfg = Release|x64
		{56EEEE92-066C-4B31-909F-D9B1E983062F}.Release|x64.ActiveCfg = Release|x64
		{56EEEE92-066C-4B31-909F-D9B1E983062F}.Release|x64.Build.0 = Release|x64
		{56EEEE92-066C-4B31-909F-D9B1E983062F}.Release|x64.Deploy.0 = Release|x64
		{56EEEE92-066C-4B31-909F-D9B1E983062F}.Release|x86.ActiveCfg = Release|x64
		{56EEEE92-066C-4B31-909F-D9B1E983062F}.ReleaseWSL|ARM.ActiveCfg = ReleaseWSL|x64
		{56EEEE92-066C-4B31-909F-D9B1E983062F}.ReleaseWSL|ARM64.ActiveCfg = ReleaseWSL|x64
		{56EEEE92-066C-4B31-909F-D9B1E983062F}.ReleaseWSL|x64.ActiveCfg = ReleaseWSL|x64
		{56EEEE92-066C-4B31-909F-D9B1E983062F}.ReleaseWSL|x64.Build.0 = ReleaseWSL|x64
		{56EEEE92-066C-4B31-909F-D9B1E983062F}.ReleaseWSL|x64.Deploy.0 = ReleaseWSL|x64
		{56EEEE92-066C-4B31-909F-D9B1E983062F}.ReleaseWSL|x86.ActiveCfg = ReleaseWSL|x64
		{54DB510C-B287-49EF-919D-C9C6BDBEE160}.Debug|ARM.ActiveCfg = Debug|x64
		{54DB510C-B287-49EF-919D-C9C6BDBEE160}.Debug|ARM64.ActiveCfg = Debug|x64
		{54DB510C-B287-49EF-919D-C9C6BDBEE160}.Debug|x64.ActiveCfg = Debug|x64
		{54DB510C-B287-49EF-919D-C9C6BDBEE160}.Debug|x64.Build.0 = Debug|x64
		{54DB510C-B287-49EF-919D-C9C6BDBEE160}.Debug|x64.Deploy.0 = Debug|x64
		{54DB510C-B287-49EF-919D-C9C6BDBEE160}.Debug|x86.ActiveCfg = Debug|x64
		{54DB510C-B287-49EF-919D-C9C6BDBEE160}.DebugWSL|ARM.ActiveCfg = DebugWSL|x64
		{54DB510C-B287-49EF-919D-C9C6BDBEE160}.DebugWSL|ARM64.ActiveCfg = DebugWSL|x64
		{54DB510C-B287-49EF-919D-C9C6BDBEE160}.DebugWSL|x64.ActiveCfg = DebugWSL|x64
		{54DB510C-B287-49EF-919D-C9C6BDBEE160}.DebugWSL|x64.Build.0 = DebugWSL|x64
		{54DB510C-B287-49EF-919D-C9C6BDBEE160}.DebugWSL|x64.Deploy.0 = DebugWSL|x64
		{54DB510C-B287-49EF-919D-C9C6BDBEE160}.DebugWSL|x86.ActiveCfg = DebugWSL|x64
		{54DB510C-B287-49EF-919D-C9C6BDBEE160}.Release|ARM.ActiveCfg = Release|x64
		{54DB510C-B287-49EF-919D-C9C6BDBEE160}.Release|ARM64.ActiveCfg = Release|x64
		{54DB510C-B287-49EF-919D-C9C6BDBEE160}.Release|x64.ActiveCfg = Release|x64
		{54DB510C-B287-49EF-919D-C9C6BDBEE160}.Release|x64.Build.0 = Release|x64
		{54DB510C-B287-49EF-919D-C9C6BDBEE160}.Release|x64.Deploy.0 = Release|x64
		{54DB510C-B287-49EF-919D-C9C6BDBEE160}.Release|x86.ActiveCfg = Release|x64
		{54DB510C-B287-49EF-919D-C9C6BDBEE160}.ReleaseWSL|ARM.ActiveCfg = ReleaseWSL|x64
		{54DB510C-B287-49EF-919D-C9C6BDBEE160}.ReleaseWSL|ARM64.ActiveCfg = ReleaseWSL|x64
		{54DB510C-B287-49EF-919D-C9C6BDBEE160}.ReleaseWSL|x64.ActiveCfg = ReleaseWSL|x64
		{54DB510C-B287-49EF-919D-C9C6BDBEE160}.ReleaseWSL|x64.Build.0 = ReleaseWSL|x64
		{54DB510C-B287-49EF-919D-C9C6BDBEE160}.ReleaseWSL|x64.Deploy.0 = ReleaseWSL|x64
		{54DB510C-B287-49EF-919D-C9C6BDBEE160}.ReleaseWSL|x86.ActiveCfg = ReleaseWSL|x64
		{6F02EBA0-E4D4-4FAB-B2A2-1D0BD328A508}.Debug|ARM.ActiveCfg = Debug|x64
		{6F02EBA0-E4D4-4FAB-B2A2-1D0BD328A508}.Debug|ARM64.ActiveCfg = Debug|x64
		{6F02EBA0-E4D4-4FAB-B2A2-1D0BD328A508}.Debug|x64.ActiveCfg = Debug|x64
		{6F02EBA0-E4D4-4FAB-B2A2-1D0BD328A508}.Debug|x64.Build.0 = Debug|x64
		{6F02EBA0-E4D4-4FAB-B2A2-1D0BD328A508}.Debug|x64.Deploy.0 = Debug|x64
		{6F02EBA0-E4D4-4FAB-B2A2-1D0BD328A508}.Debug|x86.ActiveCfg = Debug|x64
		{6F02EBA0-E4D4-4FAB-B2A2-1D0BD328A508}.DebugWSL|ARM.ActiveCfg = DebugWSL|x64
		{6F02EBA0-E4D4-4FAB-B2A2-1D0BD328A508}.DebugWSL|ARM64.ActiveCfg = DebugWSL|x64
		{6F02EBA0-E4D4-4FAB-B2A2-1D0BD328A508}.DebugWSL|x64.ActiveCfg = DebugWSL|x64
		{6F02EBA0-E4D4-4FAB-B2A2-1D0BD328A508}.DebugWSL|x64.Build.0 = DebugWSL|x64
		{6F02EBA0-E4D4-4FAB-B2A2-1D0BD328A508}.DebugWSL|x64.Deploy.0 = DebugWSL|x64
		{6F02EBA0-E4D4-4FAB-B2A2-1D0BD328A508}.DebugWSL|x86.ActiveCfg = DebugWSL|x64
		{6F02EBA0-E4D4-4FAB-B2A2-1D0BD328A508}.Release|ARM.ActiveCfg = Release|x64
		{6F02EBA0-E4D4-4FAB-B2A2-1D0BD328A508}.Release|ARM64.ActiveCfg = Release|x64
		{6F02EBA0-E4D4-4FAB-B2A2-1D0BD328A508}.Release|x64.ActiveCfg = Release|x64
		{6F02EBA0-E4D4-4FAB-B2A2-1D0BD328A508}.Release|x64.Build.0 = Release|x64
		{6F02EBA0-E4D4-4FAB-B2A2-1D0BD328A508}.Release|x64.Deploy.0 = Release|x64
		{6F02EBA0-E4D4-4FAB-B2A2-1D0BD328A508}.Release|x86.ActiveCfg = Release|x64
		{6F02EBA0-E4D4-4FAB-B2A2-1D0BD328A508}.ReleaseWSL|ARM.ActiveCfg = ReleaseWSL|x64
		{6F02EBA0-E4D4-4FAB-B2A2-1D0BD328A508}.ReleaseWSL|ARM64.ActiveCfg = ReleaseWSL|x64
		{6F02EBA0-E4D4-4FAB-B2A2-1D0BD328A508}.ReleaseWSL|x64.ActiveCfg = ReleaseWSL|x64
		{6F02EBA0-E4D4-4FAB-B2A2-1D0BD328A508}.ReleaseWSL|x64.Build.0 = ReleaseWSL|x64
		{6F02EBA0-E4D4-4FAB-B2A2-1D0BD328A508}.ReleaseWSL|x64.Deploy.0 = ReleaseWSL|x64
		{6F02EBA0-E4D4-4FAB-B2A2-1D0BD328A508}.ReleaseWSL|x86.ActiveCfg = ReleaseWSL|x64
		{B0857C5B-0482-44A8-9507-2AB1AD982BCC}.Debug|ARM.ActiveCfg = Debug|x64
		{B0857C5B-0482-44A8-9507-2AB1AD982BCC}.Debug|ARM64.ActiveCfg = Debug|x64
		{B0857C5B-0482-44A8-9507-2AB1AD982BCC}.Debug|x64.ActiveCfg = Debug|x64
		{B0857C5B-0482-44A8-9507-2AB1AD982BCC}.Debug|x64.Build.0 = Debug|x64
		{B0857C5B-0482-44A8-9507-2AB1AD982BCC}.Debug|x64.Deploy.0 = Debug|x64
		{B0857C5B-0482-44A8-9507-2AB1AD982BCC}.Debug|x86.ActiveCfg = Debug|x64
		{B0857C5B-0482-44A8-9507-2AB1AD982BCC}.DebugWSL|ARM.ActiveCfg = Debug|x64
		{B0857C5B-0482-44A8-9507-2AB1AD982BCC}.DebugWSL|ARM64.ActiveCfg = Debug|x64
		{B0857C5B-0482-44A8-9507-2AB1AD982BCC}.DebugWSL|x64.ActiveCfg = DebugWSL|x64
		{B0857C5B-0482-44A8-9507-2AB1AD982BCC}.DebugWSL|x64.Build.0 = DebugWSL|x64
		{B0857C5B-0482-44A8-9507-2AB1AD982BCC}.DebugWSL|x64.Deploy.0 = DebugWSL|x64
		{B0857C5B-0482-44A8-9507-2AB1AD982BCC}.DebugWSL|x86.ActiveCfg = Debug|x64
		{B0857C5B-0482-44A8-9507-2AB1AD982BCC}.Release|ARM.ActiveCfg = Release|x64
		{B0857C5B-0482-44A8-9507-2AB1AD982BCC}.Release|ARM64.ActiveCfg = Release|x64
		{B0857C5B-0482-44A8-9507-2AB1AD982BCC}.Release|x64.ActiveCfg = Release|x64
		{B0857C5B-0482-44A8-9507-2AB1AD982BCC}.Release|x64.Build.0 = Release|x64
		{B0857C5B-0482-44A8-9507-2AB1AD982BCC}.Release|x64.Deploy.0 = Release|x64
		{B0857C5B-0482-44A8-9507-2AB1AD982BCC}.Release|x86.ActiveCfg = Release|x64
		{B0857C5B-0482-44A8-9507-2AB1AD982BCC}.ReleaseWSL|ARM.ActiveCfg = Debug|x64
		{B0857C5B-0482-44A8-9507-2AB1AD982BCC}.ReleaseWSL|ARM64.ActiveCfg = Debug|x64
		{B0857C5B-0482-44A8-9507-2AB1AD982BCC}.ReleaseWSL|x64.ActiveCfg = ReleaseWSL|x64
		{B0857C5B-0482-44A8-9507-2AB1AD982BCC}.ReleaseWSL|x64.Build.0 = ReleaseWSL|x64
		{B0857C5B-0482-44A8-9507-2AB1AD982BCC}.ReleaseWSL|x64.Deploy.0 = ReleaseWSL|x64
		{B0857C5B-0482-44A8-9507-2AB1AD982BCC}.ReleaseWSL|x86.ActiveCfg = Debug|x64
	EndGlobalSection
	GlobalSection(SolutionProperties) = preSolution
		HideSolutionNode = FALSE
	EndGlobalSection
	GlobalSection(ExtensibilityGlobals) = postSolution
		SolutionGuid = {05C31BC0-5C09-4D2E-8C37-CA3754F1F619}
	EndGlobalSection
EndGlobal
